lockfileVersion: '9.0'

settings:
  autoInstallPeers: true
  excludeLinksFromLockfile: false

importers:

  .:
    dependencies:
      prettier:
        specifier: ^3.0.0
        version: 3.8.3
      prettier-plugin-tailwindcss:
        specifier: ^0.7.2
        version: 0.7.4(prettier@3.8.3)
      turbo:
        specifier: ^2.9.6
        version: 2.9.11
      typescript:
        specifier: ^6.0.3
        version: 6.0.3

packages:

  '@turbo/darwin-64@2.9.11':
    resolution: {integrity: sha512-bL9Bc6q1xoXXQEpsKZE8fRggMyktiMPbPCnmBmbLpkK5v00X1ffQHzaR7obOSENTZj895W6dE5UhDiQISim7dQ==}
    cpu: [x64]
    os: [darwin]

  '@turbo/darwin-arm64@2.9.11':
    resolution: {integrity: sha512-LjSW6JOZq9wsmDTeFdfpD8vjAK9AC4UVGTvuxSkKz70ykVAJ21d+ek997PFdMVvMqJjOWn2qGGe+iT6Lcuwuag==}
    cpu: [arm64]
    os: [darwin]

  '@turbo/linux-64@2.9.11':
    resolution: {integrity: sha512-xSUU3bo1ot2P8x/KetHgk1GLEa+uJjwzSR0oM0tpK2yz5M8g3fRVyEPe26pA/W3LQ3hpX3pJYX+QkILI1H3zjQ==}
    cpu: [x64]
    os: [linux]

  '@turbo/linux-arm64@2.9.11':
    resolution: {integrity: sha512-hlBrHN0XzrBRWuZaVrYZssKyqHN8xpz5UfuvBVStaPmprLLmS/Q8hB8ZF6GJEE69IGlVZusiGz25aiq9g+ScGw==}
    cpu: [arm64]
    os: [linux]

  '@turbo/windows-64@2.9.11':
    resolution: {integrity: sha512-b4IVTby0je7CmqokMS3UaeF09PATwHkka1A75Sq7e0YgY56i0lHGXDyENpwEHZKNKLzPnpMKQ3JQM8cg1+F35Q==}
    cpu: [x64]
    os: [win32]

  '@turbo/windows-arm64@2.9.11':
    resolution: {integrity: sha512-2fbUUcwaP2cbbcJWrZjk2cc5xl7zZyfdpEf8/S9tsd9ZqHYVyP69ENXYRmX8W+BeUrKtPnLG3ex/E9bagzVr/A==}
    cpu: [arm64]
    os: [win32]

  prettier-plugin-tailwindcss@0.7.4:
    resolution: {integrity: sha512-UKii4RjY05SNt/WQi6/NcOn/LsT0/ILLXsxygjbRg5/YZelsSu5jTqorYHPDGq4nZy5q5hpCu+XdGZ1xaJEQgw==}
    engines: {node: '>=20.19'}
    peerDependencies:
      '@ianvs/prettier-plugin-sort-imports': '*'
      '@prettier/plugin-hermes': '*'
      '@prettier/plugin-oxc': '*'
      '@prettier/plugin-pug': '*'
      '@shopify/prettier-plugin-liquid': '*'
      '@trivago/prettier-plugin-sort-imports': '*'
      '@zackad/prettier-plugin-twig': '*'
      prettier: ^3.0
      prettier-plugin-astro: '*'
      prettier-plugin-css-order: '*'
      prettier-plugin-jsdoc: '*'
      prettier-plugin-marko: '*'
      prettier-plugin-multiline-arrays: '*'
      prettier-plugin-organize-attributes: '*'
      prettier-plugin-organize-imports: '*'
      prettier-plugin-sort-imports: '*'
      prettier-plugin-svelte: '*'
    peerDependenciesMeta:
      '@ianvs/prettier-plugin-sort-imports':
        optional: true
      '@prettier/plugin-hermes':
        optional: true
      '@prettier/plugin-oxc':
        optional: true
      '@prettier/plugin-pug':
        optional: true
      '@shopify/prettier-plugin-liquid':
        optional: true
      '@trivago/prettier-plugin-sort-imports':
        optional: true
      '@zackad/prettier-plugin-twig':
        optional: true
      prettier-plugin-astro:
        optional: true
      prettier-plugin-css-order:
        optional: true
      prettier-plugin-jsdoc:
        optional: true
      prettier-plugin-marko:
        optional: true
      prettier-plugin-multiline-arrays:
        optional: true
      prettier-plugin-organize-attributes:
        optional: true
      prettier-plugin-organize-imports:
        optional: true
      prettier-plugin-sort-imports:
        optional: true
      prettier-plugin-svelte:
        optional: true

  prettier@3.8.3:
    resolution: {integrity: sha512-7igPTM53cGHMW8xWuVTydi2KO233VFiTNyF5hLJqpilHfmn8C8gPf+PS7dUT64YcXFbiMGZxS9pCSxL/Dxm/Jw==}
    engines: {node: '>=14'}
    hasBin: true

  turbo@2.9.11:
    resolution: {integrity: sha512-4+0uFViM8ORa6hT1eLZLZRRPZaoywvpHQRgvLH/Q2uq5nLKKRPUiDeBEuYZmknkDYAZYc1yJuYJapk3ej9cUVw==}
    hasBin: true

  typescript@6.0.3:
    resolution: {integrity: sha512-y2TvuxSZPDyQakkFRPZHKFm+KKVqIisdg9/CZwm9ftvKXLP8NRWj38/ODjNbr43SsoXqNuAisEf1GdCxqWcdBw==}
    engines: {node: '>=14.17'}
    hasBin: true

snapshots:

  '@turbo/darwin-64@2.9.11':
    optional: true

  '@turbo/darwin-arm64@2.9.11':
    optional: true

  '@turbo/linux-64@2.9.11':
    optional: true

  '@turbo/linux-arm64@2.9.11':
    optional: true

  '@turbo/windows-64@2.9.11':
    optional: true

  '@turbo/windows-arm64@2.9.11':
    optional: true

  prettier-plugin-tailwindcss@0.7.4(prettier@3.8.3):
    dependencies:
      prettier: 3.8.3

  prettier@3.8.3: {}

  turbo@2.9.11:
    optionalDependencies:
      '@turbo/darwin-64': 2.9.11
      '@turbo/darwin-arm64': 2.9.11
      '@turbo/linux-64': 2.9.11
      '@turbo/linux-arm64': 2.9.11
      '@turbo/windows-64': 2.9.11
      '@turbo/windows-arm64': 2.9.11

  typescript@6.0.3: {}
